
Microsoft Visual Studio Solution File, Format Version 12.00
# Visual Studio Version 16
VisualStudioVersion = 16.0.29215.179
MinimumVisualStudioVersion = 10.0.40219.1
Project("{FAE04EC0-301F-11D3-BF4B-00C04F79EFBC}") = "ResponsiveLayout.Xamarin.Forms.Demo.UWP", "ResponsiveLayout.Xamarin.Forms.Demo\ResponsiveLayout.Xamarin.Forms.Demo.UWP\ResponsiveLayout.Xamarin.Forms.Demo.UWP.csproj", "{AB53C17E-1F4B-42D7-B479-5E6D32A4B8ED}"
EndProject
Project("{FAE04EC0-301F-11D3-BF4B-00C04F79EFBC}") = "ResponsiveLayout.Xamarin.Forms.Demo.Android", "ResponsiveLayout.Xamarin.Forms.Demo\ResponsiveLayout.Xamarin.Forms.Demo.Android\ResponsiveLayout.Xamarin.Forms.Demo.Android.csproj", "{3D61A0B9-852D-41FA-99F8-3067F3122B3F}"
EndProject
Project("{FAE04EC0-301F-11D3-BF4B-00C04F79EFBC}") = "ResponsiveLayout.Xamarin.Forms.Demo.iOS", "ResponsiveLayout.Xamarin.Forms.Demo\ResponsiveLayout.Xamarin.Forms.Demo.iOS\ResponsiveLayout.Xamarin.Forms.Demo.iOS.csproj", "{97821077-909E-4DEF-ABCA-F1D062F134CF}"
EndProject
Project("{FAE04EC0-301F-11D3-BF4B-00C04F79EFBC}") = "ResponsiveLayout.Xamarin.Forms.Demo", "ResponsiveLayout.Xamarin.Forms.Demo\ResponsiveLayout.Xamarin.Forms.Demo\ResponsiveLayout.Xamarin.Forms.Demo.csproj", "{5A7943D1-4E2F-4B16-8FED-8EF410A6314B}"
EndProject
Project("{2150E333-8FDC-42A3-9474-1A3956D46DE8}") = "Xamarin.Forms", "Xamarin.Forms", "{3636E2D5-5991-4D66-A809-5C1734974258}"
EndProject
Project("{FAE04EC0-301F-11D3-BF4B-00C04F79EFBC}") = "ResponsiveLayout.Xamarin.Forms", "ResponsiveLayout.Xamarin.Forms\ResponsiveLayout.Xamarin.Forms.csproj", "{5360ADF1-C4EB-4CE7-AAAC-9EE9C0D46FF4}"
EndProject
Global
	GlobalSection(SolutionConfigurationPlatforms) = preSolution
		Debug|Any CPU = Debug|Any CPU
		Debug|ARM = Debug|ARM
		Debug|iPhone = Debug|iPhone
		Debug|iPhoneSimulator = Debug|iPhoneSimulator
		Debug|x64 = Debug|x64
		Debug|x86 = Debug|x86
		Release|Any CPU = Release|Any CPU
		Release|ARM = Release|ARM
		Release|iPhone = Release|iPhone
		Release|iPhoneSimulator = Release|iPhoneSimulator
		Release|x64 = Release|x64
		Release|x86 = Release|x86
	EndGlobalSection
	GlobalSection(ProjectConfigurationPlatforms) = postSolution
		{AB53C17E-1F4B-42D7-B479-5E6D32A4B8ED}.Debug|Any CPU.ActiveCfg = Debug|x86
		{AB53C17E-1F4B-42D7-B479-5E6D32A4B8ED}.Debug|Any CPU.Build.0 = Debug|x86
		{AB53C17E-1F4B-42D7-B479-5E6D32A4B8ED}.Debug|Any CPU.Deploy.0 = Debug|x86
		{AB53C17E-1F4B-42D7-B479-5E6D32A4B8ED}.Debug|ARM.ActiveCfg = Debug|ARM
		{AB53C17E-1F4B-42D7-B479-5E6D32A4B8ED}.Debug|ARM.Build.0 = Debug|ARM
		{AB53C17E-1F4B-42D7-B479-5E6D32A4B8ED}.Debug|ARM.Deploy.0 = Debug|ARM
		{AB53C17E-1F4B-42D7-B479-5E6D32A4B8ED}.Debug|iPhone.ActiveCfg = Debug|x86
		{AB53C17E-1F4B-42D7-B479-5E6D32A4B8ED}.Debug|iPhone.Build.0 = Debug|x86
		{AB53C17E-1F4B-42D7-B479-5E6D32A4B8ED}.Debug|iPhone.Deploy.0 = Debug|x86
		{AB53C17E-1F4B-42D7-B479-5E6D32A4B8ED}.Debug|iPhoneSimulator.ActiveCfg = Debug|x86
		{AB53C17E-1F4B-42D7-B479-5E6D32A4B8ED}.Debug|iPhoneSimulator.Build.0 = Debug|x86
		{AB53C17E-1F4B-42D7-B479-5E6D32A4B8ED}.Debug|iPhoneSimulator.Deploy.0 = Debug|x86
		{AB53C17E-1F4B-42D7-B479-5E6D32A4B8ED}.Debug|x64.ActiveCfg = Debug|x64
		{AB53C17E-1F4B-42D7-B479-5E6D32A4B8ED}.Debug|x64.Build.0 = Debug|x64
		{AB53C17E-1F4B-42D7-B479-5E6D32A4B8ED}.Debug|x64.Deploy.0 = Debug|x64
		{AB53C17E-1F4B-42D7-B479-5E6D32A4B8ED}.Debug|x86.ActiveCfg = Debug|x86
		{AB53C17E-1F4B-42D7-B479-5E6D32A4B8ED}.Debug|x86.Build.0 = Debug|x86
		{AB53C17E-1F4B-42D7-B479-5E6D32A4B8ED}.Debug|x86.Deploy.0 = Debug|x86
		{AB53C17E-1F4B-42D7-B479-5E6D32A4B8ED}.Release|Any CPU.ActiveCfg = Release|x86
		{AB53C17E-1F4B-42D7-B479-5E6D32A4B8ED}.Release|Any CPU.Build.0 = Release|x86
		{AB53C17E-1F4B-42D7-B479-5E6D32A4B8ED}.Release|Any CPU.Deploy.0 = Release|x86
		{AB53C17E-1F4B-42D7-B479-5E6D32A4B8ED}.Release|ARM.ActiveCfg = Release|ARM
		{AB53C17E-1F4B-42D7-B479-5E6D32A4B8ED}.Release|ARM.Build.0 = Release|ARM
		{AB53C17E-1F4B-42D7-B479-5E6D32A4B8ED}.Release|ARM.Deploy.0 = Release|ARM
		{AB53C17E-1F4B-42D7-B479-5E6D32A4B8ED}.Release|iPhone.ActiveCfg = Release|x86
		{AB53C17E-1F4B-42D7-B479-5E6D32A4B8ED}.Release|iPhone.Build.0 = Release|x86
		{AB53C17E-1F4B-42D7-B479-5E6D32A4B8ED}.Release|iPhone.Deploy.0 = Release|x86
		{AB53C17E-1F4B-42D7-B479-5E6D32A4B8ED}.Release|iPhoneSimulator.ActiveCfg = Release|x86
		{AB53C17E-1F4B-42D7-B479-5E6D32A4B8ED}.Release|iPhoneSimulator.Build.0 = Release|x86
		{AB53C17E-1F4B-42D7-B479-5E6D32A4B8ED}.Release|iPhoneSimulator.Deploy.0 = Release|x86
		{AB53C17E-1F4B-42D7-B479-5E6D32A4B8ED}.Release|x64.ActiveCfg = Release|x64
		{AB53C17E-1F4B-42D7-B479-5E6D32A4B8ED}.Release|x64.Build.0 = Release|x64
		{AB53C17E-1F4B-42D7-B479-5E6D32A4B8ED}.Release|x64.Deploy.0 = Release|x64
		{AB53C17E-1F4B-42D7-B479-5E6D32A4B8ED}.Release|x86.ActiveCfg = Release|x86
		{AB53C17E-1F4B-42D7-B479-5E6D32A4B8ED}.Release|x86.Build.0 = Release|x86
		{AB53C17E-1F4B-42D7-B479-5E6D32A4B8ED}.Release|x86.Deploy.0 = Release|x86
		{3D61A0B9-852D-41FA-99F8-3067F3122B3F}.Debug|Any CPU.ActiveCfg = Debug|Any CPU
		{3D61A0B9-852D-41FA-99F8-3067F3122B3F}.Debug|Any CPU.Build.0 = Debug|Any CPU
		{3D61A0B9-852D-41FA-99F8-3067F3122B3F}.Debug|Any CPU.Deploy.0 = Debug|Any CPU
		{3D61A0B9-852D-41FA-99F8-3067F3122B3F}.Debug|ARM.ActiveCfg = Debug|Any CPU
		{3D61A0B9-852D-41FA-99F8-3067F3122B3F}.Debug|ARM.Build.0 = Debug|Any CPU
		{3D61A0B9-852D-41FA-99F8-3067F3122B3F}.Debug|ARM.Deploy.0 = Debug|Any CPU
		{3D61A0B9-852D-41FA-99F8-3067F3122B3F}.Debug|iPhone.ActiveCfg = Debug|Any CPU
		{3D61A0B9-852D-41FA-99F8-3067F3122B3F}.Debug|iPhone.Build.0 = Debug|Any CPU
		{3D61A0B9-852D-41FA-99F8-3067F3122B3F}.Debug|iPhone.Deploy.0 = Debug|Any CPU
		{3D61A0B9-852D-41FA-99F8-3067F3122B3F}.Debug|iPhoneSimulator.ActiveCfg = Debug|Any CPU
		{3D61A0B9-852D-41FA-99F8-3067F3122B3F}.Debug|iPhoneSimulator.Build.0 = Debug|Any CPU
		{3D61A0B9-852D-41FA-99F8-3067F3122B3F}.Debug|iPhoneSimulator.Deploy.0 = Debug|Any CPU
		{3D61A0B9-852D-41FA-99F8-3067F3122B3F}.Debug|x64.ActiveCfg = Debug|Any CPU
		{3D61A0B9-852D-41FA-99F8-3067F3122B3F}.Debug|x64.Build.0 = Debug|Any CPU
		{3D61A0B9-852D-41FA-99F8-3067F3122B3F}.Debug|x64.Deploy.0 = Debug|Any CPU
		{3D61A0B9-852D-41FA-99F8-3067F3122B3F}.Debug|x86.ActiveCfg = Debug|Any CPU
		{3D61A0B9-852D-41FA-99F8-3067F3122B3F}.Debug|x86.Build.0 = Debug|Any CPU
		{3D61A0B9-852D-41FA-99F8-3067F3122B3F}.Debug|x86.Deploy.0 = Debug|Any CPU
		{3D61A0B9-852D-41FA-99F8-3067F3122B3F}.Release|Any CPU.ActiveCfg = Release|Any CPU
		{3D61A0B9-852D-41FA-99F8-3067F3122B3F}.Release|Any CPU.Build.0 = Release|Any CPU
		{3D61A0B9-852D-41FA-99F8-3067F3122B3F}.Release|Any CPU.Deploy.0 = Release|Any CPU
		{3D61A0B9-852D-41FA-99F8-3067F3122B3F}.Release|ARM.ActiveCfg = Release|Any CPU
		{3D61A0B9-852D-41FA-99F8-3067F3122B3F}.Release|ARM.Build.0 = Release|Any CPU
		{3D61A0B9-852D-41FA-99F8-3067F3122B3F}.Release|ARM.Deploy.0 = Release|Any CPU
		{3D61A0B9-852D-41FA-99F8-3067F3122B3F}.Release|iPhone.ActiveCfg = Release|Any CPU
		{3D61A0B9-852D-41FA-99F8-3067F3122B3F}.Release|iPhone.Build.0 = Release|Any CPU
		{3D61A0B9-852D-41FA-99F8-3067F3122B3F}.Release|iPhone.Deploy.0 = Release|Any CPU
		{3D61A0B9-852D-41FA-99F8-3067F3122B3F}.Release|iPhoneSimulator.ActiveCfg = Release|Any CPU
		{3D61A0B9-852D-41FA-99F8-3067F3122B3F}.Release|iPhoneSimulator.Build.0 = Release|Any CPU
		{3D61A0B9-852D-41FA-99F8-3067F3122B3F}.Release|iPhoneSimulator.Deploy.0 = Release|Any CPU
		{3D61A0B9-852D-41FA-99F8-3067F3122B3F}.Release|x64.ActiveCfg = Release|Any CPU
		{3D61A0B9-852D-41FA-99F8-3067F3122B3F}.Release|x64.Build.0 = Release|Any CPU
		{3D61A0B9-852D-41FA-99F8-3067F3122B3F}.Release|x64.Deploy.0 = Release|Any CPU
		{3D61A0B9-852D-41FA-99F8-3067F3122B3F}.Release|x86.ActiveCfg = Release|Any CPU
		{3D61A0B9-852D-41FA-99F8-3067F3122B3F}.Release|x86.Build.0 = Release|Any CPU
		{3D61A0B9-852D-41FA-99F8-3067F3122B3F}.Release|x86.Deploy.0 = Release|Any CPU
		{97821077-909E-4DEF-ABCA-F1D062F134CF}.Debug|Any CPU.ActiveCfg = Debug|iPhone
		{97821077-909E-4DEF-ABCA-F1D062F134CF}.Debug|Any CPU.Build.0 = Debug|iPhone
		{97821077-909E-4DEF-ABCA-F1D062F134CF}.Debug|Any CPU.Deploy.0 = Debug|iPhone
		{97821077-909E-4DEF-ABCA-F1D062F134CF}.Debug|ARM.ActiveCfg = Debug|iPhoneSimulator
		{97821077-909E-4DEF-ABCA-F1D062F134CF}.Debug|ARM.Build.0 = Debug|iPhoneSimulator
		{97821077-909E-4DEF-ABCA-F1D062F134CF}.Debug|ARM.Deploy.0 = Debug|iPhoneSimulator
		{97821077-909E-4DEF-ABCA-F1D062F134CF}.Debug|iPhone.ActiveCfg = Debug|iPhone
		{97821077-909E-4DEF-ABCA-F1D062F134CF}.Debug|iPhone.Build.0 = Debug|iPhone
		{97821077-909E-4DEF-ABCA-F1D062F134CF}.Debug|iPhone.Deploy.0 = Debug|iPhone
		{97821077-909E-4DEF-ABCA-F1D062F134CF}.Debug|iPhoneSimulator.ActiveCfg = Debug|iPhoneSimulator
		{97821077-909E-4DEF-ABCA-F1D062F134CF}.Debug|iPhoneSimulator.Build.0 = Debug|iPhoneSimulator
		{97821077-909E-4DEF-ABCA-F1D062F134CF}.Debug|iPhoneSimulator.Deploy.0 = Debug|iPhoneSimulator
		{97821077-909E-4DEF-ABCA-F1D062F134CF}.Debug|x64.ActiveCfg = Debug|iPhone
		{97821077-909E-4DEF-ABCA-F1D062F134CF}.Debug|x64.Build.0 = Debug|iPhone
		{97821077-909E-4DEF-ABCA-F1D062F134CF}.Debug|x64.Deploy.0 = Debug|iPhone
		{97821077-909E-4DEF-ABCA-F1D062F134CF}.Debug|x86.ActiveCfg = Debug|iPhone
		{97821077-909E-4DEF-ABCA-F1D062F134CF}.Debug|x86.Build.0 = Debug|iPhone
		{97821077-909E-4DEF-ABCA-F1D062F134CF}.Debug|x86.Deploy.0 = Debug|iPhone
		{97821077-909E-4DEF-ABCA-F1D062F134CF}.Release|Any CPU.ActiveCfg = Release|iPhone
		{97821077-909E-4DEF-ABCA-F1D062F134CF}.Release|Any CPU.Build.0 = Release|iPhone
		{97821077-909E-4DEF-ABCA-F1D062F134CF}.Release|Any CPU.Deploy.0 = Release|iPhone
		{97821077-909E-4DEF-ABCA-F1D062F134CF}.Release|ARM.ActiveCfg = Release|iPhone
		{97821077-909E-4DEF-ABCA-F1D062F134CF}.Release|ARM.Build.0 = Release|iPhone
		{97821077-909E-4DEF-ABCA-F1D062F134CF}.Release|ARM.Deploy.0 = Release|iPhone
		{97821077-909E-4DEF-ABCA-F1D062F134CF}.Release|iPhone.ActiveCfg = Release|iPhone
		{97821077-909E-4DEF-ABCA-F1D062F134CF}.Release|iPhone.Build.0 = Release|iPhone
		{97821077-909E-4DEF-ABCA-F1D062F134CF}.Release|iPhone.Deploy.0 = Release|iPhone
		{97821077-909E-4DEF-ABCA-F1D062F134CF}.Release|iPhoneSimulator.ActiveCfg = Release|iPhoneSimulator
		{97821077-909E-4DEF-ABCA-F1D062F134CF}.Release|iPhoneSimulator.Build.0 = Release|iPhoneSimulator
		{97821077-909E-4DEF-ABCA-F1D062F134CF}.Release|iPhoneSimulator.Deploy.0 = Release|iPhoneSimulator
		{97821077-909E-4DEF-ABCA-F1D062F134CF}.Release|x64.ActiveCfg = Release|iPhone
		{97821077-909E-4DEF-ABCA-F1D062F134CF}.Release|x64.Build.0 = Release|iPhone
		{97821077-909E-4DEF-ABCA-F1D062F134CF}.Release|x64.Deploy.0 = Release|iPhone
		{97821077-909E-4DEF-ABCA-F1D062F134CF}.Release|x86.ActiveCfg = Release|iPhone
		{97821077-909E-4DEF-ABCA-F1D062F134CF}.Release|x86.Build.0 = Release|iPhone
		{97821077-909E-4DEF-ABCA-F1D062F134CF}.Release|x86.Deploy.0 = Release|iPhone
		{5A7943D1-4E2F-4B16-8FED-8EF410A6314B}.Debug|Any CPU.ActiveCfg = Debug|Any CPU
		{5A7943D1-4E2F-4B16-8FED-8EF410A6314B}.Debug|Any CPU.Build.0 = Debug|Any CPU
		{5A7943D1-4E2F-4B16-8FED-8EF410A6314B}.Debug|Any CPU.Deploy.0 = Debug|Any CPU
		{5A7943D1-4E2F-4B16-8FED-8EF410A6314B}.Debug|ARM.ActiveCfg = Debug|Any CPU
		{5A7943D1-4E2F-4B16-8FED-8EF410A6314B}.Debug|ARM.Build.0 = Debug|Any CPU
		{5A7943D1-4E2F-4B16-8FED-8EF410A6314B}.Debug|ARM.Deploy.0 = Debug|Any CPU
		{5A7943D1-4E2F-4B16-8FED-8EF410A6314B}.Debug|iPhone.ActiveCfg = Debug|Any CPU
		{5A7943D1-4E2F-4B16-8FED-8EF410A6314B}.Debug|iPhone.Build.0 = Debug|Any CPU
		{5A7943D1-4E2F-4B16-8FED-8EF410A6314B}.Debug|iPhone.Deploy.0 = Debug|Any CPU
		{5A7943D1-4E2F-4B16-8FED-8EF410A6314B}.Debug|iPhoneSimulator.ActiveCfg = Debug|Any CPU
		{5A7943D1-4E2F-4B16-8FED-8EF410A6314B}.Debug|iPhoneSimulator.Build.0 = Debug|Any CPU
		{5A7943D1-4E2F-4B16-8FED-8EF410A6314B}.Debug|iPhoneSimulator.Deploy.0 = Debug|Any CPU
		{5A7943D1-4E2F-4B16-8FED-8EF410A6314B}.Debug|x64.ActiveCfg = Debug|Any CPU
		{5A7943D1-4E2F-4B16-8FED-8EF410A6314B}.Debug|x64.Build.0 = Debug|Any CPU
		{5A7943D1-4E2F-4B16-8FED-8EF410A6314B}.Debug|x64.Deploy.0 = Debug|Any CPU
		{5A7943D1-4E2F-4B16-8FED-8EF410A6314B}.Debug|x86.ActiveCfg = Debug|Any CPU
		{5A7943D1-4E2F-4B16-8FED-8EF410A6314B}.Debug|x86.Build.0 = Debug|Any CPU
		{5A7943D1-4E2F-4B16-8FED-8EF410A6314B}.Debug|x86.Deploy.0 = Debug|Any CPU
		{5A7943D1-4E2F-4B16-8FED-8EF410A6314B}.Release|Any CPU.ActiveCfg = Release|Any CPU
		{5A7943D1-4E2F-4B16-8FED-8EF410A6314B}.Release|Any CPU.Build.0 = Release|Any CPU
		{5A7943D1-4E2F-4B16-8FED-8EF410A6314B}.Release|Any CPU.Deploy.0 = Release|Any CPU
		{5A7943D1-4E2F-4B16-8FED-8EF410A6314B}.Release|ARM.ActiveCfg = Release|Any CPU
		{5A7943D1-4E2F-4B16-8FED-8EF410A6314B}.Release|ARM.Build.0 = Release|Any CPU
		{5A7943D1-4E2F-4B16-8FED-8EF410A6314B}.Release|ARM.Deploy.0 = Release|Any CPU
		{5A7943D1-4E2F-4B16-8FED-8EF410A6314B}.Release|iPhone.ActiveCfg = Release|Any CPU
		{5A7943D1-4E2F-4B16-8FED-8EF410A6314B}.Release|iPhone.Build.0 = Release|Any CPU
		{5A7943D1-4E2F-4B16-8FED-8EF410A6314B}.Release|iPhone.Deploy.0 = Release|Any CPU
		{5A7943D1-4E2F-4B16-8FED-8EF410A6314B}.Release|iPhoneSimulator.ActiveCfg = Release|Any CPU
		{5A7943D1-4E2F-4B16-8FED-8EF410A6314B}.Release|iPhoneSimulator.Build.0 = Release|Any CPU
		{5A7943D1-4E2F-4B16-8FED-8EF410A6314B}.Release|iPhoneSimulator.Deploy.0 = Release|Any CPU
		{5A7943D1-4E2F-4B16-8FED-8EF410A6314B}.Release|x64.ActiveCfg = Release|Any CPU
		{5A7943D1-4E2F-4B16-8FED-8EF410A6314B}.Release|x64.Build.0 = Release|Any CPU
		{5A7943D1-4E2F-4B16-8FED-8EF410A6314B}.Release|x64.Deploy.0 = Release|Any CPU
		{5A7943D1-4E2F-4B16-8FED-8EF410A6314B}.Release|x86.ActiveCfg = Release|Any CPU
		{5A7943D1-4E2F-4B16-8FED-8EF410A6314B}.Release|x86.Build.0 = Release|Any CPU
		{5A7943D1-4E2F-4B16-8FED-8EF410A6314B}.Release|x86.Deploy.0 = Release|Any CPU
		{5360ADF1-C4EB-4CE7-AAAC-9EE9C0D46FF4}.Debug|Any CPU.ActiveCfg = Debug|Any CPU
		{5360ADF1-C4EB-4CE7-AAAC-9EE9C0D46FF4}.Debug|Any CPU.Build.0 = Debug|Any CPU
		{5360ADF1-C4EB-4CE7-AAAC-9EE9C0D46FF4}.Debug|ARM.ActiveCfg = Debug|Any CPU
		{5360ADF1-C4EB-4CE7-AAAC-9EE9C0D46FF4}.Debug|ARM.Build.0 = Debug|Any CPU
		{5360ADF1-C4EB-4CE7-AAAC-9EE9C0D46FF4}.Debug|iPhone.ActiveCfg = Debug|Any CPU
		{5360ADF1-C4EB-4CE7-AAAC-9EE9C0D46FF4}.Debug|iPhone.Build.0 = Debug|Any CPU
		{5360ADF1-C4EB-4CE7-AAAC-9EE9C0D46FF4}.Debug|iPhoneSimulator.ActiveCfg = Debug|Any CPU
		{5360ADF1-C4EB-4CE7-AAAC-9EE9C0D46FF4}.Debug|iPhoneSimulator.Build.0 = Debug|Any CPU
		{5360ADF1-C4EB-4CE7-AAAC-9EE9C0D46FF4}.Debug|x64.ActiveCfg = Debug|Any CPU
		{5360ADF1-C4EB-4CE7-AAAC-9EE9C0D46FF4}.Debug|x64.Build.0 = Debug|Any CPU
		{5360ADF1-C4EB-4CE7-AAAC-9EE9C0D46FF4}.Debug|x86.ActiveCfg = Debug|Any CPU
		{5360ADF1-C4EB-4CE7-AAAC-9EE9C0D46FF4}.Debug|x86.Build.0 = Debug|Any CPU
		{5360ADF1-C4EB-4CE7-AAAC-9EE9C0D46FF4}.Release|Any CPU.ActiveCfg = Release|Any CPU
		{5360ADF1-C4EB-4CE7-AAAC-9EE9C0D46FF4}.Release|Any CPU.Build.0 = Release|Any CPU
		{5360ADF1-C4EB-4CE7-AAAC-9EE9C0D46FF4}.Release|ARM.ActiveCfg = Release|Any CPU
		{5360ADF1-C4EB-4CE7-AAAC-9EE9C0D46FF4}.Release|ARM.Build.0 = Release|Any CPU
		{5360ADF1-C4EB-4CE7-AAAC-9EE9C0D46FF4}.Release|iPhone.ActiveCfg = Release|Any CPU
		{5360ADF1-C4EB-4CE7-AAAC-9EE9C0D46FF4}.Release|iPhone.Build.0 = Release|Any CPU
		{5360ADF1-C4EB-4CE7-AAAC-9EE9C0D46FF4}.Release|iPhoneSimulator.ActiveCfg = Release|Any CPU
		{5360ADF1-C4EB-4CE7-AAAC-9EE9C0D46FF4}.Release|iPhoneSimulator.Build.0 = Release|Any CPU
		{5360ADF1-C4EB-4CE7-AAAC-9EE9C0D46FF4}.Release|x64.ActiveCfg = Release|Any CPU
		{5360ADF1-C4EB-4CE7-AAAC-9EE9C0D46FF4}.Release|x64.Build.0 = Release|Any CPU
		{5360ADF1-C4EB-4CE7-AAAC-9EE9C0D46FF4}.Release|x86.ActiveCfg = Release|Any CPU
		{5360ADF1-C4EB-4CE7-AAAC-9EE9C0D46FF4}.Release|x86.Build.0 = Release|Any CPU
	EndGlobalSection
	GlobalSection(SolutionProperties) = preSolution
		HideSolutionNode = FALSE
	EndGlobalSection
	GlobalSection(NestedProjects) = preSolution
		{AB53C17E-1F4B-42D7-B479-5E6D32A4B8ED} = {3636E2D5-5991-4D66-A809-5C1734974258}
		{3D61A0B9-852D-41FA-99F8-3067F3122B3F} = {3636E2D5-5991-4D66-A809-5C1734974258}
		{97821077-909E-4DEF-ABCA-F1D062F134CF} = {3636E2D5-5991-4D66-A809-5C1734974258}
		{5A7943D1-4E2F-4B16-8FED-8EF410A6314B} = {3636E2D5-5991-4D66-A809-5C1734974258}
		{5360ADF1-C4EB-4CE7-AAAC-9EE9C0D46FF4} = {3636E2D5-5991-4D66-A809-5C1734974258}
	EndGlobalSection
	GlobalSection(ExtensibilityGlobals) = postSolution
		SolutionGuid = {6496FAFD-BF94-4847-BCC4-A2BE009827A1}
	EndGlobalSection
EndGlobal
